
Microsoft Visual Studio Solution File, Format Version 12.00
# Visual Studio Version 17
VisualStudioVersion = 17.14.37203.1 d17.14
MinimumVisualStudioVersion = 10.0.40219.1
Project("{FAE04EC0-301F-11D3-BF4B-00C04F79EFBC}") = "Calculator", "Calculator\Calculator.csproj", "{24634403-3B22-4F23-B16C-BAA8B0F17EB1}"
EndProject
Global
	GlobalSection(SolutionConfigurationPlatforms) = preSolution
		Debug|Any CPU = Debug|Any CPU
		Release|Any CPU = Release|Any CPU
	EndGlobalSection
	GlobalSection(ProjectConfigurationPlatforms) = postSolution
		{24634403-3B22-4F23-B16C-BAA8B0F17EB1}.Debug|Any CPU.ActiveCfg = Debug|Any CPU
		{24634403-3B22-4F23-B16C-BAA8B0F17EB1}.Debug|Any CPU.Build.0 = Debug|Any CPU
		{24634403-3B22-4F23-B16C-BAA8B0F17EB1}.Release|Any CPU.ActiveCfg = Release|Any CPU
		{24634403-3B22-4F23-B16C-BAA8B0F17EB1}.Release|Any CPU.Build.0 = Release|Any CPU
	EndGlobalSection
	GlobalSection(SolutionProperties) = preSolution
		HideSolutionNode = FALSE
	EndGlobalSection
	GlobalSection(ExtensibilityGlobals) = postSolution
		SolutionGuid = {F95BCAA0-8257-4CC9-912D-AB70E58A1382}
	EndGlobalSection
EndGlobal
